
Microsoft Visual Studio Solution File, Format Version 12.00
# Visual Studio 15
Project("{FAE04EC0-301F-11D3-BF4B-00C04F79EFBC}") = "UnityEngine.TestRunner", "UnityEngine.TestRunner.csproj", "{D0E16163-B7EA-E334-649A-B586CD94FA9B}"
EndProject
Project("{FAE04EC0-301F-11D3-BF4B-00C04F79EFBC}") = "Unity.Mathematics", "Unity.Mathematics.csproj", "{6B6D3693-613B-A82D-8A8F-B5B38AB34703}"
EndProject
Project("{FAE04EC0-301F-11D3-BF4B-00C04F79EFBC}") = "Unity.2D.Animation.Triangle.Runtime", "Unity.2D.Animation.Triangle.Runtime.csproj", "{6EF55F29-85E3-BC7E-BCBA-A8F2913690ED}"
EndProject
Project("{FAE04EC0-301F-11D3-BF4B-00C04F79EFBC}") = "Unity.Timeline", "Unity.Timeline.csproj", "{D1AB51D1-F84A-F99D-E76C-131603ABA7A6}"
EndProject
Project("{FAE04EC0-301F-11D3-BF4B-00C04F79EFBC}") = "UnityEngine.UI", "UnityEngine.UI.csproj", "{5FAEB289-D5FE-8E21-873B-EA172DACFE8C}"
EndProject
Project("{FAE04EC0-301F-11D3-BF4B-00C04F79EFBC}") = "Unity.TextMeshPro", "Unity.TextMeshPro.csproj", "{45178D3E-27D7-5DD1-6442-B2877F4F7FBE}"
EndProject
Project("{FAE04EC0-301F-11D3-BF4B-00C04F79EFBC}") = "Unity.2D.Animation.Runtime", "Unity.2D.Animation.Runtime.csproj", "{E1BC9BED-7F9A-5400-5047-1C13BC49AC1B}"
EndProject
Project("{FAE04EC0-301F-11D3-BF4B-00C04F79EFBC}") = "Unity.2D.IK.Runtime", "Unity.2D.IK.Runtime.csproj", "{0E0B7E09-081E-1AE5-DBA4-E2CD56834EEA}"
EndProject
Project("{FAE04EC0-301F-11D3-BF4B-00C04F79EFBC}") = "Unity.2D.SpriteShape.Runtime", "Unity.2D.SpriteShape.Runtime.csproj", "{816E9B4B-7FCD-BB21-2C48-41B60AE47B80}"
EndProject
Project("{FAE04EC0-301F-11D3-BF4B-00C04F79EFBC}") = "Assembly-CSharp", "Assembly-CSharp.csproj", "{02C56E78-2C79-F9A6-A0F1-EC9739BDB0D1}"
EndProject
Project("{FAE04EC0-301F-11D3-BF4B-00C04F79EFBC}") = "Unity.2D.PixelPerfect", "Unity.2D.PixelPerfect.csproj", "{D70CFC96-D858-D7A5-A38A-C871E37BFFF2}"
EndProject
Project("{FAE04EC0-301F-11D3-BF4B-00C04F79EFBC}") = "Unity.2D.Common.Runtime", "Unity.2D.Common.Runtime.csproj", "{6AA417EE-7A9C-1ABB-FD38-B59CB09FCDB8}"
EndProject
Project("{FAE04EC0-301F-11D3-BF4B-00C04F79EFBC}") = "Unity.InternalAPIEngineBridge.001", "Unity.InternalAPIEngineBridge.001.csproj", "{327C3223-959B-07AA-9DD2-0E3A440D73DB}"
EndProject
Project("{FAE04EC0-301F-11D3-BF4B-00C04F79EFBC}") = "UnityEditor.TestRunner", "UnityEditor.TestRunner.csproj", "{CDFEDFC7-1CB7-E738-BC17-FDAE4408BBE4}"
EndProject
Project("{FAE04EC0-301F-11D3-BF4B-00C04F79EFBC}") = "Unity.PlasticSCM.Editor", "Unity.PlasticSCM.Editor.csproj", "{2DD9D61D-D5B7-4161-1C45-0C1014578CA5}"
EndProject
Project("{FAE04EC0-301F-11D3-BF4B-00C04F79EFBC}") = "UnityEditor.UI", "UnityEditor.UI.csproj", "{2C95A8B1-666D-BE90-13C7-F4FF086767E3}"
EndProject
Project("{FAE04EC0-301F-11D3-BF4B-00C04F79EFBC}") = "Unity.Services.Core.Editor", "Unity.Services.Core.Editor.csproj", "{C1F49298-4671-8C49-7D2F-A2A8497574BD}"
EndProject
Project("{FAE04EC0-301F-11D3-BF4B-00C04F79EFBC}") = "Unity.Timeline.Editor", "Unity.Timeline.Editor.csproj", "{5C56E72B-6EE8-8683-7ADB-10E3C074DCC7}"
EndProject
Project("{FAE04EC0-301F-11D3-BF4B-00C04F79EFBC}") = "Unity.VisualStudio.Editor", "Unity.VisualStudio.Editor.csproj", "{DE851118-80D9-9518-3B1D-842056EA4B4F}"
EndProject
Project("{FAE04EC0-301F-11D3-BF4B-00C04F79EFBC}") = "Unity.2D.Psdimporter.Editor", "Unity.2D.Psdimporter.Editor.csproj", "{0730185F-0964-CC76-E183-D3530AC30633}"
EndProject
Project("{FAE04EC0-301F-11D3-BF4B-00C04F79EFBC}") = "Unity.2D.Animation.Editor", "Unity.2D.Animation.Editor.csproj", "{C836D4E0-579A-943E-BEB3-CEBA6D9BC434}"
EndProject
Project("{FAE04EC0-301F-11D3-BF4B-00C04F79EFBC}") = "Unity.TextMeshPro.Editor", "Unity.TextMeshPro.Editor.csproj", "{9D243833-D457-1C6F-DB2C-9BDF5787BB5C}"
EndProject
Project("{FAE04EC0-301F-11D3-BF4B-00C04F79EFBC}") = "Unity.2D.SpriteShape.Editor", "Unity.2D.SpriteShape.Editor.csproj", "{83EF4909-DD4F-F9DE-1217-F825B8B7DC84}"
EndProject
Project("{FAE04EC0-301F-11D3-BF4B-00C04F79EFBC}") = "Unity.CollabProxy.Editor", "Unity.CollabProxy.Editor.csproj", "{4F3DF565-C8F1-0985-4554-71D179618F47}"
EndProject
Project("{FAE04EC0-301F-11D3-BF4B-00C04F79EFBC}") = "PsdPlugin", "PsdPlugin.csproj", "{598AA5E3-4F45-98ED-84B3-445C09039A13}"
EndProject
Project("{FAE04EC0-301F-11D3-BF4B-00C04F79EFBC}") = "Unity.2D.Path.Editor", "Unity.2D.Path.Editor.csproj", "{AE999451-E55A-282A-3850-369D5862F425}"
EndProject
Project("{FAE04EC0-301F-11D3-BF4B-00C04F79EFBC}") = "Unity.Rider.Editor", "Unity.Rider.Editor.csproj", "{49F05556-CFBA-FEFD-8C17-555DD1496EE6}"
EndProject
Project("{FAE04EC0-301F-11D3-BF4B-00C04F79EFBC}") = "Unity.2D.IK.Editor", "Unity.2D.IK.Editor.csproj", "{C88A947C-2285-1BEB-A7D8-70DEE60C8328}"
EndProject
Project("{FAE04EC0-301F-11D3-BF4B-00C04F79EFBC}") = "Unity.2D.Sprite.Editor", "Unity.2D.Sprite.Editor.csproj", "{06961E5A-DD80-424E-C84C-69F28D998C8A}"
EndProject
Project("{FAE04EC0-301F-11D3-BF4B-00C04F79EFBC}") = "Unity.2D.Tilemap.Editor", "Unity.2D.Tilemap.Editor.csproj", "{2D4767C3-D2CB-5377-C227-805C53FB1CF4}"
EndProject
Project("{FAE04EC0-301F-11D3-BF4B-00C04F79EFBC}") = "Unity.2D.PixelPerfect.Editor", "Unity.2D.PixelPerfect.Editor.csproj", "{B7917764-73BA-911F-AA28-EF7BE2168F6E}"
EndProject
Project("{FAE04EC0-301F-11D3-BF4B-00C04F79EFBC}") = "Unity.VSCode.Editor", "Unity.VSCode.Editor.csproj", "{928075EA-E2E7-B0E6-BD8A-1AD9464744D4}"
EndProject
Project("{FAE04EC0-301F-11D3-BF4B-00C04F79EFBC}") = "Unity.2D.Common.Editor", "Unity.2D.Common.Editor.csproj", "{32A3E9B4-8380-F80D-0641-F0DB3EE435AF}"
EndProject
Project("{FAE04EC0-301F-11D3-BF4B-00C04F79EFBC}") = "Unity.Mathematics.Editor", "Unity.Mathematics.Editor.csproj", "{9D3390D2-5329-8556-520C-9807991E5D66}"
EndProject
Project("{FAE04EC0-301F-11D3-BF4B-00C04F79EFBC}") = "Unity.InternalAPIEditorBridge.001", "Unity.InternalAPIEditorBridge.001.csproj", "{53F0755A-D23B-76E5-A5FF-AD75772ADAC6}"
EndProject
Project("{FAE04EC0-301F-11D3-BF4B-00C04F79EFBC}") = "UnityEngine.TestRunner", "UnityEngine.TestRunner.Player.csproj", "{C039D417-826E-F8BC-582E-457C8B8625A6}"
EndProject
Project("{FAE04EC0-301F-11D3-BF4B-00C04F79EFBC}") = "Unity.Mathematics", "Unity.Mathematics.Player.csproj", "{D7191CAD-113C-70CE-8273-A66398DC2D5E}"
EndProject
Project("{FAE04EC0-301F-11D3-BF4B-00C04F79EFBC}") = "Unity.2D.Animation.Triangle.Runtime", "Unity.2D.Animation.Triangle.Runtime.Player.csproj", "{2ECFE99C-EC7B-1B6B-BD41-F3C3920B4DA1}"
EndProject
Project("{FAE04EC0-301F-11D3-BF4B-00C04F79EFBC}") = "Unity.Timeline", "Unity.Timeline.Player.csproj", "{E032E361-B19D-5C3D-CF33-130145AE5858}"
EndProject
Project("{FAE04EC0-301F-11D3-BF4B-00C04F79EFBC}") = "UnityEngine.UI", "UnityEngine.UI.Player.csproj", "{BF1865B0-D707-B2BD-C06B-53717386EAE9}"
EndProject
Project("{FAE04EC0-301F-11D3-BF4B-00C04F79EFBC}") = "Unity.TextMeshPro", "Unity.TextMeshPro.Player.csproj", "{4886B24E-8479-109E-DD2E-874470A57DE6}"
EndProject
Project("{FAE04EC0-301F-11D3-BF4B-00C04F79EFBC}") = "Unity.2D.Animation.Runtime", "Unity.2D.Animation.Runtime.Player.csproj", "{53D1DFA7-92B3-8C5E-DB0E-C1B6FF7B891D}"
EndProject
Project("{FAE04EC0-301F-11D3-BF4B-00C04F79EFBC}") = "Unity.2D.IK.Runtime", "Unity.2D.IK.Runtime.Player.csproj", "{C72D3859-90F1-5023-84C9-1A0CAB1F5E75}"
EndProject
Project("{FAE04EC0-301F-11D3-BF4B-00C04F79EFBC}") = "Unity.2D.SpriteShape.Runtime", "Unity.2D.SpriteShape.Runtime.Player.csproj", "{5E049B43-C816-9CE2-492A-4C97C653C6A2}"
EndProject
Project("{FAE04EC0-301F-11D3-BF4B-00C04F79EFBC}") = "Assembly-CSharp", "Assembly-CSharp.Player.csproj", "{CAABFBD8-5FA7-2076-C936-4A61A3718726}"
EndProject
Project("{FAE04EC0-301F-11D3-BF4B-00C04F79EFBC}") = "Unity.2D.PixelPerfect", "Unity.2D.PixelPerfect.Player.csproj", "{389844D7-EF26-7C05-3B48-508B36A51E32}"
EndProject
Project("{FAE04EC0-301F-11D3-BF4B-00C04F79EFBC}") = "Unity.2D.Common.Runtime", "Unity.2D.Common.Runtime.Player.csproj", "{C2BDC873-085D-346A-A091-372DEB696DAE}"
EndProject
Project("{FAE04EC0-301F-11D3-BF4B-00C04F79EFBC}") = "Unity.InternalAPIEngineBridge.001", "Unity.InternalAPIEngineBridge.001.Player.csproj", "{240AF012-9FE6-7FDC-5053-16160BAE30F0}"
EndProject
Global
	GlobalSection(SolutionConfigurationPlatforms) = preSolution
		Debug|Any CPU = Debug|Any CPU
		Release|Any CPU = Release|Any CPU
	EndGlobalSection
	GlobalSection(ProjectConfigurationPlatforms) = postSolution
		{D0E16163-B7EA-E334-649A-B586CD94FA9B}.Debug|Any CPU.ActiveCfg = Debug|Any CPU
		{D0E16163-B7EA-E334-649A-B586CD94FA9B}.Debug|Any CPU.Build.0 = Debug|Any CPU
		{D0E16163-B7EA-E334-649A-B586CD94FA9B}.Release|Any CPU.ActiveCfg = Release|Any CPU
		{D0E16163-B7EA-E334-649A-B586CD94FA9B}.Release|Any CPU.Build.0 = Release|Any CPU
		{6B6D3693-613B-A82D-8A8F-B5B38AB34703}.Debug|Any CPU.ActiveCfg = Debug|Any CPU
		{6B6D3693-613B-A82D-8A8F-B5B38AB34703}.Debug|Any CPU.Build.0 = Debug|Any CPU
		{6B6D3693-613B-A82D-8A8F-B5B38AB34703}.Release|Any CPU.ActiveCfg = Release|Any CPU
		{6B6D3693-613B-A82D-8A8F-B5B38AB34703}.Release|Any CPU.Build.0 = Release|Any CPU
		{6EF55F29-85E3-BC7E-BCBA-A8F2913690ED}.Debug|Any CPU.ActiveCfg = Debug|Any CPU
		{6EF55F29-85E3-BC7E-BCBA-A8F2913690ED}.Debug|Any CPU.Build.0 = Debug|Any CPU
		{6EF55F29-85E3-BC7E-BCBA-A8F2913690ED}.Release|Any CPU.ActiveCfg = Release|Any CPU
		{6EF55F29-85E3-BC7E-BCBA-A8F2913690ED}.Release|Any CPU.Build.0 = Release|Any CPU
		{D1AB51D1-F84A-F99D-E76C-131603ABA7A6}.Debug|Any CPU.ActiveCfg = Debug|Any CPU
		{D1AB51D1-F84A-F99D-E76C-131603ABA7A6}.Debug|Any CPU.Build.0 = Debug|Any CPU
		{D1AB51D1-F84A-F99D-E76C-131603ABA7A6}.Release|Any CPU.ActiveCfg = Release|Any CPU
		{D1AB51D1-F84A-F99D-E76C-131603ABA7A6}.Release|Any CPU.Build.0 = Release|Any CPU
		{5FAEB289-D5FE-8E21-873B-EA172DACFE8C}.Debug|Any CPU.ActiveCfg = Debug|Any CPU
		{5FAEB289-D5FE-8E21-873B-EA172DACFE8C}.Debug|Any CPU.Build.0 = Debug|Any CPU
		{5FAEB289-D5FE-8E21-873B-EA172DACFE8C}.Release|Any CPU.ActiveCfg = Release|Any CPU
		{5FAEB289-D5FE-8E21-873B-EA172DACFE8C}.Release|Any CPU.Build.0 = Release|Any CPU
		{45178D3E-27D7-5DD1-6442-B2877F4F7FBE}.Debug|Any CPU.ActiveCfg = Debug|Any CPU
		{45178D3E-27D7-5DD1-6442-B2877F4F7FBE}.Debug|Any CPU.Build.0 = Debug|Any CPU
		{45178D3E-27D7-5DD1-6442-B2877F4F7FBE}.Release|Any CPU.ActiveCfg = Release|Any CPU
		{45178D3E-27D7-5DD1-6442-B2877F4F7FBE}.Release|Any CPU.Build.0 = Release|Any CPU
		{E1BC9BED-7F9A-5400-5047-1C13BC49AC1B}.Debug|Any CPU.ActiveCfg = Debug|Any CPU
		{E1BC9BED-7F9A-5400-5047-1C13BC49AC1B}.Debug|Any CPU.Build.0 = Debug|Any CPU
		{E1BC9BED-7F9A-5400-5047-1C13BC49AC1B}.Release|Any CPU.ActiveCfg = Release|Any CPU
		{E1BC9BED-7F9A-5400-5047-1C13BC49AC1B}.Release|Any CPU.Build.0 = Release|Any CPU
		{0E0B7E09-081E-1AE5-DBA4-E2CD56834EEA}.Debug|Any CPU.ActiveCfg = Debug|Any CPU
		{0E0B7E09-081E-1AE5-DBA4-E2CD56834EEA}.Debug|Any CPU.Build.0 = Debug|Any CPU
		{0E0B7E09-081E-1AE5-DBA4-E2CD56834EEA}.Release|Any CPU.ActiveCfg = Release|Any CPU
		{0E0B7E09-081E-1AE5-DBA4-E2CD56834EEA}.Release|Any CPU.Build.0 = Release|Any CPU
		{816E9B4B-7FCD-BB21-2C48-41B60AE47B80}.Debug|Any CPU.ActiveCfg = Debug|Any CPU
		{816E9B4B-7FCD-BB21-2C48-41B60AE47B80}.Debug|Any CPU.Build.0 = Debug|Any CPU
		{816E9B4B-7FCD-BB21-2C48-41B60AE47B80}.Release|Any CPU.ActiveCfg = Release|Any CPU
		{816E9B4B-7FCD-BB21-2C48-41B60AE47B80}.Release|Any CPU.Build.0 = Release|Any CPU
		{02C56E78-2C79-F9A6-A0F1-EC9739BDB0D1}.Debug|Any CPU.ActiveCfg = Debug|Any CPU
		{02C56E78-2C79-F9A6-A0F1-EC9739BDB0D1}.Debug|Any CPU.Build.0 = Debug|Any CPU
		{02C56E78-2C79-F9A6-A0F1-EC9739BDB0D1}.Release|Any CPU.ActiveCfg = Release|Any CPU
		{02C56E78-2C79-F9A6-A0F1-EC9739BDB0D1}.Release|Any CPU.Build.0 = Release|Any CPU
		{D70CFC96-D858-D7A5-A38A-C871E37BFFF2}.Debug|Any CPU.ActiveCfg = Debug|Any CPU
		{D70CFC96-D858-D7A5-A38A-C871E37BFFF2}.Debug|Any CPU.Build.0 = Debug|Any CPU
		{D70CFC96-D858-D7A5-A38A-C871E37BFFF2}.Release|Any CPU.ActiveCfg = Release|Any CPU
		{D70CFC96-D858-D7A5-A38A-C871E37BFFF2}.Release|Any CPU.Build.0 = Release|Any CPU
		{6AA417EE-7A9C-1ABB-FD38-B59CB09FCDB8}.Debug|Any CPU.ActiveCfg = Debug|Any CPU
		{6AA417EE-7A9C-1ABB-FD38-B59CB09FCDB8}.Debug|Any CPU.Build.0 = Debug|Any CPU
		{6AA417EE-7A9C-1ABB-FD38-B59CB09FCDB8}.Release|Any CPU.ActiveCfg = Release|Any CPU
		{6AA417EE-7A9C-1ABB-FD38-B59CB09FCDB8}.Release|Any CPU.Build.0 = Release|Any CPU
		{327C3223-959B-07AA-9DD2-0E3A440D73DB}.Debug|Any CPU.ActiveCfg = Debug|Any CPU
		{327C3223-959B-07AA-9DD2-0E3A440D73DB}.Debug|Any CPU.Build.0 = Debug|Any CPU
		{327C3223-959B-07AA-9DD2-0E3A440D73DB}.Release|Any CPU.ActiveCfg = Release|Any CPU
		{327C3223-959B-07AA-9DD2-0E3A440D73DB}.Release|Any CPU.Build.0 = Release|Any CPU
		{CDFEDFC7-1CB7-E738-BC17-FDAE4408BBE4}.Debug|Any CPU.ActiveCfg = Debug|Any CPU
		{CDFEDFC7-1CB7-E738-BC17-FDAE4408BBE4}.Debug|Any CPU.Build.0 = Debug|Any CPU
		{CDFEDFC7-1CB7-E738-BC17-FDAE4408BBE4}.Release|Any CPU.ActiveCfg = Release|Any CPU
		{CDFEDFC7-1CB7-E738-BC17-FDAE4408BBE4}.Release|Any CPU.Build.0 = Release|Any CPU
		{2DD9D61D-D5B7-4161-1C45-0C1014578CA5}.Debug|Any CPU.ActiveCfg = Debug|Any CPU
		{2DD9D61D-D5B7-4161-1C45-0C1014578CA5}.Debug|Any CPU.Build.0 = Debug|Any CPU
		{2DD9D61D-D5B7-4161-1C45-0C1014578CA5}.Release|Any CPU.ActiveCfg = Release|Any CPU
		{2DD9D61D-D5B7-4161-1C45-0C1014578CA5}.Release|Any CPU.Build.0 = Release|Any CPU
		{2C95A8B1-666D-BE90-13C7-F4FF086767E3}.Debug|Any CPU.ActiveCfg = Debug|Any CPU
		{2C95A8B1-666D-BE90-13C7-F4FF086767E3}.Debug|Any CPU.Build.0 = Debug|Any CPU
		{2C95A8B1-666D-BE90-13C7-F4FF086767E3}.Release|Any CPU.ActiveCfg = Release|Any CPU
		{2C95A8B1-666D-BE90-13C7-F4FF086767E3}.Release|Any CPU.Build.0 = Release|Any CPU
		{C1F49298-4671-8C49-7D2F-A2A8497574BD}.Debug|Any CPU.ActiveCfg = Debug|Any CPU
		{C1F49298-4671-8C49-7D2F-A2A8497574BD}.Debug|Any CPU.Build.0 = Debug|Any CPU
		{C1F49298-4671-8C49-7D2F-A2A8497574BD}.Release|Any CPU.ActiveCfg = Release|Any CPU
		{C1F49298-4671-8C49-7D2F-A2A8497574BD}.Release|Any CPU.Build.0 = Release|Any CPU
		{5C56E72B-6EE8-8683-7ADB-10E3C074DCC7}.Debug|Any CPU.ActiveCfg = Debug|Any CPU
		{5C56E72B-6EE8-8683-7ADB-10E3C074DCC7}.Debug|Any CPU.Build.0 = Debug|Any CPU
		{5C56E72B-6EE8-8683-7ADB-10E3C074DCC7}.Release|Any CPU.ActiveCfg = Release|Any CPU
		{5C56E72B-6EE8-8683-7ADB-10E3C074DCC7}.Release|Any CPU.Build.0 = Release|Any CPU
		{DE851118-80D9-9518-3B1D-842056EA4B4F}.Debug|Any CPU.ActiveCfg = Debug|Any CPU
		{DE851118-80D9-9518-3B1D-842056EA4B4F}.Debug|Any CPU.Build.0 = Debug|Any CPU
		{DE851118-80D9-9518-3B1D-842056EA4B4F}.Release|Any CPU.ActiveCfg = Release|Any CPU
		{DE851118-80D9-9518-3B1D-842056EA4B4F}.Release|Any CPU.Build.0 = Release|Any CPU
		{0730185F-0964-CC76-E183-D3530AC30633}.Debug|Any CPU.ActiveCfg = Debug|Any CPU
		{0730185F-0964-CC76-E183-D3530AC30633}.Debug|Any CPU.Build.0 = Debug|Any CPU
		{0730185F-0964-CC76-E183-D3530AC30633}.Release|Any CPU.ActiveCfg = Release|Any CPU
		{0730185F-0964-CC76-E183-D3530AC30633}.Release|Any CPU.Build.0 = Release|Any CPU
		{C836D4E0-579A-943E-BEB3-CEBA6D9BC434}.Debug|Any CPU.ActiveCfg = Debug|Any CPU
		{C836D4E0-579A-943E-BEB3-CEBA6D9BC434}.Debug|Any CPU.Build.0 = Debug|Any CPU
		{C836D4E0-579A-943E-BEB3-CEBA6D9BC434}.Release|Any CPU.ActiveCfg = Release|Any CPU
		{C836D4E0-579A-943E-BEB3-CEBA6D9BC434}.Release|Any CPU.Build.0 = Release|Any CPU
		{9D243833-D457-1C6F-DB2C-9BDF5787BB5C}.Debug|Any CPU.ActiveCfg = Debug|Any CPU
		{9D243833-D457-1C6F-DB2C-9BDF5787BB5C}.Debug|Any CPU.Build.0 = Debug|Any CPU
		{9D243833-D457-1C6F-DB2C-9BDF5787BB5C}.Release|Any CPU.ActiveCfg = Release|Any CPU
		{9D243833-D457-1C6F-DB2C-9BDF5787BB5C}.Release|Any CPU.Build.0 = Release|Any CPU
		{83EF4909-DD4F-F9DE-1217-F825B8B7DC84}.Debug|Any CPU.ActiveCfg = Debug|Any CPU
		{83EF4909-DD4F-F9DE-1217-F825B8B7DC84}.Debug|Any CPU.Build.0 = Debug|Any CPU
		{83EF4909-DD4F-F9DE-1217-F825B8B7DC84}.Release|Any CPU.ActiveCfg = Release|Any CPU
		{83EF4909-DD4F-F9DE-1217-F825B8B7DC84}.Release|Any CPU.Build.0 = Release|Any CPU
		{4F3DF565-C8F1-0985-4554-71D179618F47}.Debug|Any CPU.ActiveCfg = Debug|Any CPU
		{4F3DF565-C8F1-0985-4554-71D179618F47}.Debug|Any CPU.Build.0 = Debug|Any CPU
		{4F3DF565-C8F1-0985-4554-71D179618F47}.Release|Any CPU.ActiveCfg = Release|Any CPU
		{4F3DF565-C8F1-0985-4554-71D179618F47}.Release|Any CPU.Build.0 = Release|Any CPU
		{598AA5E3-4F45-98ED-84B3-445C09039A13}.Debug|Any CPU.ActiveCfg = Debug|Any CPU
		{598AA5E3-4F45-98ED-84B3-445C09039A13}.Debug|Any CPU.Build.0 = Debug|Any CPU
		{598AA5E3-4F45-98ED-84B3-445C09039A13}.Release|Any CPU.ActiveCfg = Release|Any CPU
		{598AA5E3-4F45-98ED-84B3-445C09039A13}.Release|Any CPU.Build.0 = Release|Any CPU
		{AE999451-E55A-282A-3850-369D5862F425}.Debug|Any CPU.ActiveCfg = Debug|Any CPU
		{AE999451-E55A-282A-3850-369D5862F425}.Debug|Any CPU.Build.0 = Debug|Any CPU
		{AE999451-E55A-282A-3850-369D5862F425}.Release|Any CPU.ActiveCfg = Release|Any CPU
		{AE999451-E55A-282A-3850-369D5862F425}.Release|Any CPU.Build.0 = Release|Any CPU
		{49F05556-CFBA-FEFD-8C17-555DD1496EE6}.Debug|Any CPU.ActiveCfg = Debug|Any CPU
		{49F05556-CFBA-FEFD-8C17-555DD1496EE6}.Debug|Any CPU.Build.0 = Debug|Any CPU
		{49F05556-CFBA-FEFD-8C17-555DD1496EE6}.Release|Any CPU.ActiveCfg = Release|Any CPU
		{49F05556-CFBA-FEFD-8C17-555DD1496EE6}.Release|Any CPU.Build.0 = Release|Any CPU
		{C88A947C-2285-1BEB-A7D8-70DEE60C8328}.Debug|Any CPU.ActiveCfg = Debug|Any CPU
		{C88A947C-2285-1BEB-A7D8-70DEE60C8328}.Debug|Any CPU.Build.0 = Debug|Any CPU
		{C88A947C-2285-1BEB-A7D8-70DEE60C8328}.Release|Any CPU.ActiveCfg = Release|Any CPU
		{C88A947C-2285-1BEB-A7D8-70DEE60C8328}.Release|Any CPU.Build.0 = Release|Any CPU
		{06961E5A-DD80-424E-C84C-69F28D998C8A}.Debug|Any CPU.ActiveCfg = Debug|Any CPU
		{06961E5A-DD80-424E-C84C-69F28D998C8A}.Debug|Any CPU.Build.0 = Debug|Any CPU
		{06961E5A-DD80-424E-C84C-69F28D998C8A}.Release|Any CPU.ActiveCfg = Release|Any CPU
		{06961E5A-DD80-424E-C84C-69F28D998C8A}.Release|Any CPU.Build.0 = Release|Any CPU
		{2D4767C3-D2CB-5377-C227-805C53FB1CF4}.Debug|Any CPU.ActiveCfg = Debug|Any CPU
		{2D4767C3-D2CB-5377-C227-805C53FB1CF4}.Debug|Any CPU.Build.0 = Debug|Any CPU
		{2D4767C3-D2CB-5377-C227-805C53FB1CF4}.Release|Any CPU.ActiveCfg = Release|Any CPU
		{2D4767C3-D2CB-5377-C227-805C53FB1CF4}.Release|Any CPU.Build.0 = Release|Any CPU
		{B7917764-73BA-911F-AA28-EF7BE2168F6E}.Debug|Any CPU.ActiveCfg = Debug|Any CPU
		{B7917764-73BA-911F-AA28-EF7BE2168F6E}.Debug|Any CPU.Build.0 = Debug|Any CPU
		{B7917764-73BA-911F-AA28-EF7BE2168F6E}.Release|Any CPU.ActiveCfg = Release|Any CPU
		{B7917764-73BA-911F-AA28-EF7BE2168F6E}.Release|Any CPU.Build.0 = Release|Any CPU
		{928075EA-E2E7-B0E6-BD8A-1AD9464744D4}.Debug|Any CPU.ActiveCfg = Debug|Any CPU
		{928075EA-E2E7-B0E6-BD8A-1AD9464744D4}.Debug|Any CPU.Build.0 = Debug|Any CPU
		{928075EA-E2E7-B0E6-BD8A-1AD9464744D4}.Release|Any CPU.ActiveCfg = Release|Any CPU
		{928075EA-E2E7-B0E6-BD8A-1AD9464744D4}.Release|Any CPU.Build.0 = Release|Any CPU
		{32A3E9B4-8380-F80D-0641-F0DB3EE435AF}.Debug|Any CPU.ActiveCfg = Debug|Any CPU
		{32A3E9B4-8380-F80D-0641-F0DB3EE435AF}.Debug|Any CPU.Build.0 = Debug|Any CPU
		{32A3E9B4-8380-F80D-0641-F0DB3EE435AF}.Release|Any CPU.ActiveCfg = Release|Any CPU
		{32A3E9B4-8380-F80D-0641-F0DB3EE435AF}.Release|Any CPU.Build.0 = Release|Any CPU
		{9D3390D2-5329-8556-520C-9807991E5D66}.Debug|Any CPU.ActiveCfg = Debug|Any CPU
		{9D3390D2-5329-8556-520C-9807991E5D66}.Debug|Any CPU.Build.0 = Debug|Any CPU
		{9D3390D2-5329-8556-520C-9807991E5D66}.Release|Any CPU.ActiveCfg = Release|Any CPU
		{9D3390D2-5329-8556-520C-9807991E5D66}.Release|Any CPU.Build.0 = Release|Any CPU
		{53F0755A-D23B-76E5-A5FF-AD75772ADAC6}.Debug|Any CPU.ActiveCfg = Debug|Any CPU
		{53F0755A-D23B-76E5-A5FF-AD75772ADAC6}.Debug|Any CPU.Build.0 = Debug|Any CPU
		{53F0755A-D23B-76E5-A5FF-AD75772ADAC6}.Release|Any CPU.ActiveCfg = Release|Any CPU
		{53F0755A-D23B-76E5-A5FF-AD75772ADAC6}.Release|Any CPU.Build.0 = Release|Any CPU
		{C039D417-826E-F8BC-582E-457C8B8625A6}.Debug|Any CPU.ActiveCfg = Debug|Any CPU
		{C039D417-826E-F8BC-582E-457C8B8625A6}.Debug|Any CPU.Build.0 = Debug|Any CPU
		{C039D417-826E-F8BC-582E-457C8B8625A6}.Release|Any CPU.ActiveCfg = Release|Any CPU
		{C039D417-826E-F8BC-582E-457C8B8625A6}.Release|Any CPU.Build.0 = Release|Any CPU
		{D7191CAD-113C-70CE-8273-A66398DC2D5E}.Debug|Any CPU.ActiveCfg = Debug|Any CPU
		{D7191CAD-113C-70CE-8273-A66398DC2D5E}.Debug|Any CPU.Build.0 = Debug|Any CPU
		{D7191CAD-113C-70CE-8273-A66398DC2D5E}.Release|Any CPU.ActiveCfg = Release|Any CPU
		{D7191CAD-113C-70CE-8273-A66398DC2D5E}.Release|Any CPU.Build.0 = Release|Any CPU
		{2ECFE99C-EC7B-1B6B-BD41-F3C3920B4DA1}.Debug|Any CPU.ActiveCfg = Debug|Any CPU
		{2ECFE99C-EC7B-1B6B-BD41-F3C3920B4DA1}.Debug|Any CPU.Build.0 = Debug|Any CPU
		{2ECFE99C-EC7B-1B6B-BD41-F3C3920B4DA1}.Release|Any CPU.ActiveCfg = Release|Any CPU
		{2ECFE99C-EC7B-1B6B-BD41-F3C3920B4DA1}.Release|Any CPU.Build.0 = Release|Any CPU
		{E032E361-B19D-5C3D-CF33-130145AE5858}.Debug|Any CPU.ActiveCfg = Debug|Any CPU
		{E032E361-B19D-5C3D-CF33-130145AE5858}.Debug|Any CPU.Build.0 = Debug|Any CPU
		{E032E361-B19D-5C3D-CF33-130145AE5858}.Release|Any CPU.ActiveCfg = Release|Any CPU
		{E032E361-B19D-5C3D-CF33-130145AE5858}.Release|Any CPU.Build.0 = Release|Any CPU
		{BF1865B0-D707-B2BD-C06B-53717386EAE9}.Debug|Any CPU.ActiveCfg = Debug|Any CPU
		{BF1865B0-D707-B2BD-C06B-53717386EAE9}.Debug|Any CPU.Build.0 = Debug|Any CPU
		{BF1865B0-D707-B2BD-C06B-53717386EAE9}.Release|Any CPU.ActiveCfg = Release|Any CPU
		{BF1865B0-D707-B2BD-C06B-53717386EAE9}.Release|Any CPU.Build.0 = Release|Any CPU
		{4886B24E-8479-109E-DD2E-874470A57DE6}.Debug|Any CPU.ActiveCfg = Debug|Any CPU
		{4886B24E-8479-109E-DD2E-874470A57DE6}.Debug|Any CPU.Build.0 = Debug|Any CPU
		{4886B24E-8479-109E-DD2E-874470A57DE6}.Release|Any CPU.ActiveCfg = Release|Any CPU
		{4886B24E-8479-109E-DD2E-874470A57DE6}.Release|Any CPU.Build.0 = Release|Any CPU
		{53D1DFA7-92B3-8C5E-DB0E-C1B6FF7B891D}.Debug|Any CPU.ActiveCfg = Debug|Any CPU
		{53D1DFA7-92B3-8C5E-DB0E-C1B6FF7B891D}.Debug|Any CPU.Build.0 = Debug|Any CPU
		{53D1DFA7-92B3-8C5E-DB0E-C1B6FF7B891D}.Release|Any CPU.ActiveCfg = Release|Any CPU
		{53D1DFA7-92B3-8C5E-DB0E-C1B6FF7B891D}.Release|Any CPU.Build.0 = Release|Any CPU
		{C72D3859-90F1-5023-84C9-1A0CAB1F5E75}.Debug|Any CPU.ActiveCfg = Debug|Any CPU
		{C72D3859-90F1-5023-84C9-1A0CAB1F5E75}.Debug|Any CPU.Build.0 = Debug|Any CPU
		{C72D3859-90F1-5023-84C9-1A0CAB1F5E75}.Release|Any CPU.ActiveCfg = Release|Any CPU
		{C72D3859-90F1-5023-84C9-1A0CAB1F5E75}.Release|Any CPU.Build.0 = Release|Any CPU
		{5E049B43-C816-9CE2-492A-4C97C653C6A2}.Debug|Any CPU.ActiveCfg = Debug|Any CPU
		{5E049B43-C816-9CE2-492A-4C97C653C6A2}.Debug|Any CPU.Build.0 = Debug|Any CPU
		{5E049B43-C816-9CE2-492A-4C97C653C6A2}.Release|Any CPU.ActiveCfg = Release|Any CPU
		{5E049B43-C816-9CE2-492A-4C97C653C6A2}.Release|Any CPU.Build.0 = Release|Any CPU
		{CAABFBD8-5FA7-2076-C936-4A61A3718726}.Debug|Any CPU.ActiveCfg = Debug|Any CPU
		{CAABFBD8-5FA7-2076-C936-4A61A3718726}.Debug|Any CPU.Build.0 = Debug|Any CPU
		{CAABFBD8-5FA7-2076-C936-4A61A3718726}.Release|Any CPU.ActiveCfg = Release|Any CPU
		{CAABFBD8-5FA7-2076-C936-4A61A3718726}.Release|Any CPU.Build.0 = Release|Any CPU
		{389844D7-EF26-7C05-3B48-508B36A51E32}.Debug|Any CPU.ActiveCfg = Debug|Any CPU
		{389844D7-EF26-7C05-3B48-508B36A51E32}.Debug|Any CPU.Build.0 = Debug|Any CPU
		{389844D7-EF26-7C05-3B48-508B36A51E32}.Release|Any CPU.ActiveCfg = Release|Any CPU
		{389844D7-EF26-7C05-3B48-508B36A51E32}.Release|Any CPU.Build.0 = Release|Any CPU
		{C2BDC873-085D-346A-A091-372DEB696DAE}.Debug|Any CPU.ActiveCfg = Debug|Any CPU
		{C2BDC873-085D-346A-A091-372DEB696DAE}.Debug|Any CPU.Build.0 = Debug|Any CPU
		{C2BDC873-085D-346A-A091-372DEB696DAE}.Release|Any CPU.ActiveCfg = Release|Any CPU
		{C2BDC873-085D-346A-A091-372DEB696DAE}.Release|Any CPU.Build.0 = Release|Any CPU
		{240AF012-9FE6-7FDC-5053-16160BAE30F0}.Debug|Any CPU.ActiveCfg = Debug|Any CPU
		{240AF012-9FE6-7FDC-5053-16160BAE30F0}.Debug|Any CPU.Build.0 = Debug|Any CPU
		{240AF012-9FE6-7FDC-5053-16160BAE30F0}.Release|Any CPU.ActiveCfg = Release|Any CPU
		{240AF012-9FE6-7FDC-5053-16160BAE30F0}.Release|Any CPU.Build.0 = Release|Any CPU
	EndGlobalSection
	GlobalSection(SolutionProperties) = preSolution
		HideSolutionNode = FALSE
	EndGlobalSection
EndGlobal
